
Microsoft Visual Studio Solution File, Format Version 12.00
# Visual Studio 15
VisualStudioVersion = 15.0.27004.2006
MinimumVisualStudioVersion = 10.0.40219.1
Project("{FAE04EC0-301F-11D3-BF4B-00C04F79EFBC}") = "JobWrapper", "JobWrapper\JobWrapper.csproj", "{F173F769-9229-4F9D-954B-0B7EBBCD1CB0}"
	ProjectSection(ProjectDependencies) = postProject
		{FCCD9CBC-2685-4B28-88DC-FB2E8E5B41AE} = {FCCD9CBC-2685-4B28-88DC-FB2E8E5B41AE}
	EndProjectSection
EndProject
Project("{FAE04EC0-301F-11D3-BF4B-00C04F79EFBC}") = "TestLibrary", "TestLibrary\TestLibrary.csproj", "{FCCD9CBC-2685-4B28-88DC-FB2E8E5B41AE}"
EndProject
Global
	GlobalSection(SolutionConfigurationPlatforms) = preSolution
		Debug|Any CPU = Debug|Any CPU
		Release|Any CPU = Release|Any CPU
	EndGlobalSection
	GlobalSection(ProjectConfigurationPlatforms) = postSolution
		{F173F769-9229-4F9D-954B-0B7EBBCD1CB0}.Debug|Any CPU.ActiveCfg = Debug|Any CPU
		{F173F769-9229-4F9D-954B-0B7EBBCD1CB0}.Debug|Any CPU.Build.0 = Debug|Any CPU
		{F173F769-9229-4F9D-954B-0B7EBBCD1CB0}.Release|Any CPU.ActiveCfg = Release|Any CPU
		{F173F769-9229-4F9D-954B-0B7EBBCD1CB0}.Release|Any CPU.Build.0 = Release|Any CPU
		{FCCD9CBC-2685-4B28-88DC-FB2E8E5B41AE}.Debug|Any CPU.ActiveCfg = Debug|Any CPU
		{FCCD9CBC-2685-4B28-88DC-FB2E8E5B41AE}.Debug|Any CPU.Build.0 = Debug|Any CPU
		{FCCD9CBC-2685-4B28-88DC-FB2E8E5B41AE}.Release|Any CPU.ActiveCfg = Release|Any CPU
		{FCCD9CBC-2685-4B28-88DC-FB2E8E5B41AE}.Release|Any CPU.Build.0 = Release|Any CPU
	EndGlobalSection
	GlobalSection(SolutionProperties) = preSolution
		HideSolutionNode = FALSE
	EndGlobalSection
	GlobalSection(ExtensibilityGlobals) = postSolution
		SolutionGuid = {598C64CE-627C-4E43-8960-B4BBEB589CF2}
	EndGlobalSection
EndGlobal
